
Microsoft Visual Studio Solution File, Format Version 12.00
# Visual Studio Version 17
VisualStudioVersion = 17.10.34928.147
MinimumVisualStudioVersion = 10.0.40219.1
Project("{FAE04EC0-301F-11D3-BF4B-00C04F79EFBC}") = "CourseManagementSystem_v1", "CourseManagementSystem_v1\CourseManagementSystem_v1.csproj", "{CDCC0D09-A8FF-482B-96B1-386DB303D695}"
EndProject
Global
	GlobalSection(SolutionConfigurationPlatforms) = preSolution
		Debug|Any CPU = Debug|Any CPU
		Release|Any CPU = Release|Any CPU
	EndGlobalSection
	GlobalSection(ProjectConfigurationPlatforms) = postSolution
		{CDCC0D09-A8FF-482B-96B1-386DB303D695}.Debug|Any CPU.ActiveCfg = Debug|Any CPU
		{CDCC0D09-A8FF-482B-96B1-386DB303D695}.Debug|Any CPU.Build.0 = Debug|Any CPU
		{CDCC0D09-A8FF-482B-96B1-386DB303D695}.Release|Any CPU.ActiveCfg = Release|Any CPU
		{CDCC0D09-A8FF-482B-96B1-386DB303D695}.Release|Any CPU.Build.0 = Release|Any CPU
	EndGlobalSection
	GlobalSection(SolutionProperties) = preSolution
		HideSolutionNode = FALSE
	EndGlobalSection
	GlobalSection(ExtensibilityGlobals) = postSolution
		SolutionGuid = {89250E4E-7733-4C25-9924-E5E3A74F8E30}
	EndGlobalSection
EndGlobal
